
Microsoft Visual Studio Solution File, Format Version 12.00
# Visual Studio 15
VisualStudioVersion = 15.0.27703.2018
MinimumVisualStudioVersion = 10.0.40219.1
Project("{FAE04EC0-301F-11D3-BF4B-00C04F79EFBC}") = "OnlineShop", "OnlineShop\OnlineShop.csproj", "{89CA8712-AD84-49CA-9463-834EE203C5F3}"
EndProject
Project("{FAE04EC0-301F-11D3-BF4B-00C04F79EFBC}") = "OnlineShop.Tests", "OnlineShop.Tests\OnlineShop.Tests.csproj", "{07519408-7490-4185-B7CE-AB66DEDC72DF}"
EndProject
Global
	GlobalSection(SolutionConfigurationPlatforms) = preSolution
		Debug|Any CPU = Debug|Any CPU
		Release|Any CPU = Release|Any CPU
	EndGlobalSection
	GlobalSection(ProjectConfigurationPlatforms) = postSolution
		{89CA8712-AD84-49CA-9463-834EE203C5F3}.Debug|Any CPU.ActiveCfg = Debug|Any CPU
		{89CA8712-AD84-49CA-9463-834EE203C5F3}.Debug|Any CPU.Build.0 = Debug|Any CPU
		{89CA8712-AD84-49CA-9463-834EE203C5F3}.Release|Any CPU.ActiveCfg = Release|Any CPU
		{89CA8712-AD84-49CA-9463-834EE203C5F3}.Release|Any CPU.Build.0 = Release|Any CPU
		{07519408-7490-4185-B7CE-AB66DEDC72DF}.Debug|Any CPU.ActiveCfg = Debug|Any CPU
		{07519408-7490-4185-B7CE-AB66DEDC72DF}.Debug|Any CPU.Build.0 = Debug|Any CPU
		{07519408-7490-4185-B7CE-AB66DEDC72DF}.Release|Any CPU.ActiveCfg = Release|Any CPU
		{07519408-7490-4185-B7CE-AB66DEDC72DF}.Release|Any CPU.Build.0 = Release|Any CPU
	EndGlobalSection
	GlobalSection(SolutionProperties) = preSolution
		HideSolutionNode = FALSE
	EndGlobalSection
	GlobalSection(ExtensibilityGlobals) = postSolution
		SolutionGuid = {6DB17718-1ECA-4720-927B-68ACAD792052}
	EndGlobalSection
EndGlobal
